// !$*UTF8*$!
{
	archiveVersion = 1;
	classes = {
	};
	objectVersion = 46;
	objects = {

/* Begin PBXBuildFile section */
		E50D7D961E01E023000BD7F4 /* CodeCardViewController.m in Sources */ = {isa = PBXBuildFile; fileRef = E50D7D951E01E023000BD7F4 /* CodeCardViewController.m */; };
		E5175BD51E472F6900485EDB /* WalletViewController.m in Sources */ = {isa = PBXBuildFile; fileRef = E5175BD41E472F6900485EDB /* WalletViewController.m */; };
		E5175BDA1E475AE700485EDB /* ActiveSettingsIcon.png in Resources */ = {isa = PBXBuildFile; fileRef = E5175BD61E475AE700485EDB /* ActiveSettingsIcon.png */; };
		E5175BDB1E475AE700485EDB /* ActiveSettingsIcon@2x.png in Resources */ = {isa = PBXBuildFile; fileRef = E5175BD71E475AE700485EDB /* ActiveSettingsIcon@2x.png */; };
		E5175BDC1E475AE700485EDB /* SettingsIcon.png in Resources */ = {isa = PBXBuildFile; fileRef = E5175BD81E475AE700485EDB /* SettingsIcon.png */; };
		E5175BDD1E475AE700485EDB /* SettingsIcon@2x.png in Resources */ = {isa = PBXBuildFile; fileRef = E5175BD91E475AE700485EDB /* SettingsIcon@2x.png */; };
		E5175BE01E47B59900485EDB /* SimpleMode.png in Resources */ = {isa = PBXBuildFile; fileRef = E5175BDE1E47B59900485EDB /* SimpleMode.png */; };
		E5175BE11E47B59900485EDB /* SimpleMode@2x.png in Resources */ = {isa = PBXBuildFile; fileRef = E5175BDF1E47B59900485EDB /* SimpleMode@2x.png */; };
		E5175BE41E47B6E100485EDB /* WalletMode.png in Resources */ = {isa = PBXBuildFile; fileRef = E5175BE21E47B6E100485EDB /* WalletMode.png */; };
		E5175BE51E47B6E100485EDB /* WalletMode@2x.png in Resources */ = {isa = PBXBuildFile; fileRef = E5175BE31E47B6E100485EDB /* WalletMode@2x.png */; };
		E5175BE81E47B82400485EDB /* AdvMode.png in Resources */ = {isa = PBXBuildFile; fileRef = E5175BE61E47B82400485EDB /* AdvMode.png */; };
		E5175BE91E47B82400485EDB /* AdvMode@2x.png in Resources */ = {isa = PBXBuildFile; fileRef = E5175BE71E47B82400485EDB /* AdvMode@2x.png */; };
		E5175BEC1E47B9EB00485EDB /* TextMode.png in Resources */ = {isa = PBXBuildFile; fileRef = E5175BEA1E47B9EB00485EDB /* TextMode.png */; };
		E5175BED1E47B9EB00485EDB /* TextMode@2x.png in Resources */ = {isa = PBXBuildFile; fileRef = E5175BEB1E47B9EB00485EDB /* TextMode@2x.png */; };
		E52A8BA11E09CC6B007FDC2F /* Localizable.strings in Resources */ = {isa = PBXBuildFile; fileRef = E52A8BA31E09CC6B007FDC2F /* Localizable.strings */; };
		E55D366F1E0863640089B1F4 /* Contacts.framework in Frameworks */ = {isa = PBXBuildFile; fileRef = E55D366D1E0863640089B1F4 /* Contacts.framework */; };
		E55D36701E0863640089B1F4 /* ContactsUI.framework in Frameworks */ = {isa = PBXBuildFile; fileRef = E55D366E1E0863640089B1F4 /* ContactsUI.framework */; };
		E57192F61DFD7E6D00195F98 /* ScannedCodeProcessor.m in Sources */ = {isa = PBXBuildFile; fileRef = E57192F51DFD7E6D00195F98 /* ScannedCodeProcessor.m */; };
		E57192F81DFD824500195F98 /* AddressBookUI.framework in Frameworks */ = {isa = PBXBuildFile; fileRef = E57192F71DFD824500195F98 /* AddressBookUI.framework */; };
		E583648F1E06FE37006A3A65 /* PushSegue.m in Sources */ = {isa = PBXBuildFile; fileRef = E583648E1E06FE37006A3A65 /* PushSegue.m */; };
		E58364921E071CDD006A3A65 /* TextViewController.m in Sources */ = {isa = PBXBuildFile; fileRef = E58364911E071CDD006A3A65 /* TextViewController.m */; };
		E5A35C1F1DFDBB2700E05D41 /* FlashOff.png in Resources */ = {isa = PBXBuildFile; fileRef = E5A35C191DFDBB2700E05D41 /* FlashOff.png */; };
		E5A35C201DFDBB2700E05D41 /* FlashOff@2x.png in Resources */ = {isa = PBXBuildFile; fileRef = E5A35C1A1DFDBB2700E05D41 /* FlashOff@2x.png */; };
		E5A35C211DFDBB2700E05D41 /* FlashOff@3x.png in Resources */ = {isa = PBXBuildFile; fileRef = E5A35C1B1DFDBB2700E05D41 /* FlashOff@3x.png */; };
		E5A35C221DFDBB2700E05D41 /* FlashOn.png in Resources */ = {isa = PBXBuildFile; fileRef = E5A35C1C1DFDBB2700E05D41 /* FlashOn.png */; };
		E5A35C231DFDBB2700E05D41 /* FlashOn@2x.png in Resources */ = {isa = PBXBuildFile; fileRef = E5A35C1D1DFDBB2700E05D41 /* FlashOn@2x.png */; };
		E5A35C241DFDBB2700E05D41 /* FlashOn@3x.png in Resources */ = {isa = PBXBuildFile; fileRef = E5A35C1E1DFDBB2700E05D41 /* FlashOn@3x.png */; };
		E5A35C271DFDC07D00E05D41 /* AboutViewController.m in Sources */ = {isa = PBXBuildFile; fileRef = E5A35C261DFDC07D00E05D41 /* AboutViewController.m */; };
		E5A35C2B1DFDC2A300E05D41 /* Scan.png in Resources */ = {isa = PBXBuildFile; fileRef = E5A35C281DFDC2A300E05D41 /* Scan.png */; };
		E5A35C2C1DFDC2A300E05D41 /* Scan@2x.png in Resources */ = {isa = PBXBuildFile; fileRef = E5A35C291DFDC2A300E05D41 /* Scan@2x.png */; };
		E5A35C2D1DFDC2A300E05D41 /* Scan@3x.png in Resources */ = {isa = PBXBuildFile; fileRef = E5A35C2A1DFDC2A300E05D41 /* Scan@3x.png */; };
		E5A35C301DFDC88700E05D41 /* SafariActivity.m in Sources */ = {isa = PBXBuildFile; fileRef = E5A35C2F1DFDC88700E05D41 /* SafariActivity.m */; };
		E5A35C3B1DFDCAD400E05D41 /* safari-7.png in Resources */ = {isa = PBXBuildFile; fileRef = E5A35C311DFDCAD400E05D41 /* safari-7.png */; };
		E5A35C3C1DFDCAD400E05D41 /* safari-7@2x.png in Resources */ = {isa = PBXBuildFile; fileRef = E5A35C321DFDCAD400E05D41 /* safari-7@2x.png */; };
		E5A35C3D1DFDCAD400E05D41 /* safari-7@2x~iPad.png in Resources */ = {isa = PBXBuildFile; fileRef = E5A35C331DFDCAD400E05D41 /* safari-7@2x~iPad.png */; };
		E5A35C3E1DFDCAD400E05D41 /* safari-7@3x.png in Resources */ = {isa = PBXBuildFile; fileRef = E5A35C341DFDCAD400E05D41 /* safari-7@3x.png */; };
		E5A35C3F1DFDCAD400E05D41 /* safari-7~iPad.png in Resources */ = {isa = PBXBuildFile; fileRef = E5A35C351DFDCAD400E05D41 /* safari-7~iPad.png */; };
		E5A35C401DFDCAD400E05D41 /* safari.png in Resources */ = {isa = PBXBuildFile; fileRef = E5A35C361DFDCAD400E05D41 /* safari.png */; };
		E5A35C411DFDCAD400E05D41 /* safari@2x.png in Resources */ = {isa = PBXBuildFile; fileRef = E5A35C371DFDCAD400E05D41 /* safari@2x.png */; };
		E5A35C421DFDCAD400E05D41 /* safari@2x~iPad.png in Resources */ = {isa = PBXBuildFile; fileRef = E5A35C381DFDCAD400E05D41 /* safari@2x~iPad.png */; };
		E5A35C431DFDCAD400E05D41 /* safari@3x.png in Resources */ = {isa = PBXBuildFile; fileRef = E5A35C391DFDCAD400E05D41 /* safari@3x.png */; };
		E5A35C441DFDCAD400E05D41 /* safari~iPad.png in Resources */ = {isa = PBXBuildFile; fileRef = E5A35C3A1DFDCAD400E05D41 /* safari~iPad.png */; };
		E5A35C471DFDEE2900E05D41 /* Field.m in Sources */ = {isa = PBXBuildFile; fileRef = E5A35C461DFDEE2900E05D41 /* Field.m */; };
		E5E8F29B1DFD6B7500AB7810 /* NSString+Checkers.m in Sources */ = {isa = PBXBuildFile; fileRef = E5E8F29A1DFD6B7500AB7810 /* NSString+Checkers.m */; };
		E5E8F29E1DFD6C0A00AB7810 /* NSString+RegEx.m in Sources */ = {isa = PBXBuildFile; fileRef = E5E8F29D1DFD6C0A00AB7810 /* NSString+RegEx.m */; };
		E5E8F2A11DFD712B00AB7810 /* AVFoundation.framework in Frameworks */ = {isa = PBXBuildFile; fileRef = E5E8F2A01DFD712B00AB7810 /* AVFoundation.framework */; };
		E5E8F2A41DFD7AA100AB7810 /* WebViewController.m in Sources */ = {isa = PBXBuildFile; fileRef = E5E8F2A31DFD7AA100AB7810 /* WebViewController.m */; };
		E5EE62A91DF75B750089FE6F /* main.m in Sources */ = {isa = PBXBuildFile; fileRef = E5EE62A81DF75B750089FE6F /* main.m */; };
		E5EE62AC1DF75B750089FE6F /* AppDelegate.m in Sources */ = {isa = PBXBuildFile; fileRef = E5EE62AB1DF75B750089FE6F /* AppDelegate.m */; };
		E5EE62AF1DF75B750089FE6F /* ViewController.m in Sources */ = {isa = PBXBuildFile; fileRef = E5EE62AE1DF75B750089FE6F /* ViewController.m */; };
		E5EE62B21DF75B750089FE6F /* Main.storyboard in Resources */ = {isa = PBXBuildFile; fileRef = E5EE62B01DF75B750089FE6F /* Main.storyboard */; };
		E5EE62B51DF75B750089FE6F /* Scan.xcdatamodeld in Sources */ = {isa = PBXBuildFile; fileRef = E5EE62B31DF75B750089FE6F /* Scan.xcdatamodeld */; };
		E5EE62B71DF75B750089FE6F /* Assets.xcassets in Resources */ = {isa = PBXBuildFile; fileRef = E5EE62B61DF75B750089FE6F /* Assets.xcassets */; };
		E5EE62BA1DF75B750089FE6F /* LaunchScreen.storyboard in Resources */ = {isa = PBXBuildFile; fileRef = E5EE62B81DF75B750089FE6F /* LaunchScreen.storyboard */; };
		E5EE62C51DF75B760089FE6F /* ScanTests.m in Sources */ = {isa = PBXBuildFile; fileRef = E5EE62C41DF75B760089FE6F /* ScanTests.m */; };
		E5EE62D01DF75B760089FE6F /* ScanUITests.m in Sources */ = {isa = PBXBuildFile; fileRef = E5EE62CF1DF75B760089FE6F /* ScanUITests.m */; };
		E5FBA3421E41E468000A222A /* PassKit.framework in Frameworks */ = {isa = PBXBuildFile; fileRef = E5FBA3411E41E468000A222A /* PassKit.framework */; };
/* End PBXBuildFile section */

/* Begin PBXContainerItemProxy section */
		E5EE62C11DF75B760089FE6F /* PBXContainerItemProxy */ = {
			isa = PBXContainerItemProxy;
			containerPortal = E5EE629C1DF75B750089FE6F /* Project object */;
			proxyType = 1;
			remoteGlobalIDString = E5EE62A31DF75B750089FE6F;
			remoteInfo = Scan;
		};
		E5EE62CC1DF75B760089FE6F /* PBXContainerItemProxy */ = {
			isa = PBXContainerItemProxy;
			containerPortal = E5EE629C1DF75B750089FE6F /* Project object */;
			proxyType = 1;
			remoteGlobalIDString = E5EE62A31DF75B750089FE6F;
			remoteInfo = Scan;
		};
/* End PBXContainerItemProxy section */

/* Begin PBXFileReference section */
		E50D7D941E01E023000BD7F4 /* CodeCardViewController.h */ = {isa = PBXFileReference; fileEncoding = 4; lastKnownFileType = sourcecode.c.h; path = CodeCardViewController.h; sourceTree = "<group>"; };
		E50D7D951E01E023000BD7F4 /* CodeCardViewController.m */ = {isa = PBXFileReference; fileEncoding = 4; lastKnownFileType = sourcecode.c.objc; path = CodeCardViewController.m; sourceTree = "<group>"; };
		E5175BD31E472F6900485EDB /* WalletViewController.h */ = {isa = PBXFileReference; fileEncoding = 4; lastKnownFileType = sourcecode.c.h; path = WalletViewController.h; sourceTree = "<group>"; };
		E5175BD41E472F6900485EDB /* WalletViewController.m */ = {isa = PBXFileReference; fileEncoding = 4; lastKnownFileType = sourcecode.c.objc; path = WalletViewController.m; sourceTree = "<group>"; };
		E5175BD61E475AE700485EDB /* ActiveSettingsIcon.png */ = {isa = PBXFileReference; lastKnownFileType = image.png; path = ActiveSettingsIcon.png; sourceTree = "<group>"; };
		E5175BD71E475AE700485EDB /* ActiveSettingsIcon@2x.png */ = {isa = PBXFileReference; lastKnownFileType = image.png; path = "ActiveSettingsIcon@2x.png"; sourceTree = "<group>"; };
		E5175BD81E475AE700485EDB /* SettingsIcon.png */ = {isa = PBXFileReference; lastKnownFileType = image.png; path = SettingsIcon.png; sourceTree = "<group>"; };
		E5175BD91E475AE700485EDB /* SettingsIcon@2x.png */ = {isa = PBXFileReference; lastKnownFileType = image.png; path = "SettingsIcon@2x.png"; sourceTree = "<group>"; };
		E5175BDE1E47B59900485EDB /* SimpleMode.png */ = {isa = PBXFileReference; lastKnownFileType = image.png; path = SimpleMode.png; sourceTree = "<group>"; };
		E5175BDF1E47B59900485EDB /* SimpleMode@2x.png */ = {isa = PBXFileReference; lastKnownFileType = image.png; path = "SimpleMode@2x.png"; sourceTree = "<group>"; };
		E5175BE21E47B6E100485EDB /* WalletMode.png */ = {isa = PBXFileReference; lastKnownFileType = image.png; path = WalletMode.png; sourceTree = "<group>"; };
		E5175BE31E47B6E100485EDB /* WalletMode@2x.png */ = {isa = PBXFileReference; lastKnownFileType = image.png; path = "WalletMode@2x.png"; sourceTree = "<group>"; };
		E5175BE61E47B82400485EDB /* AdvMode.png */ = {isa = PBXFileReference; lastKnownFileType = image.png; path = AdvMode.png; sourceTree = "<group>"; };
		E5175BE71E47B82400485EDB /* AdvMode@2x.png */ = {isa = PBXFileReference; lastKnownFileType = image.png; path = "AdvMode@2x.png"; sourceTree = "<group>"; };
		E5175BEA1E47B9EB00485EDB /* TextMode.png */ = {isa = PBXFileReference; lastKnownFileType = image.png; path = TextMode.png; sourceTree = "<group>"; };
		E5175BEB1E47B9EB00485EDB /* TextMode@2x.png */ = {isa = PBXFileReference; lastKnownFileType = image.png; path = "TextMode@2x.png"; sourceTree = "<group>"; };
		E52A8BA01E09CC62007FDC2F /* ru */ = {isa = PBXFileReference; lastKnownFileType = text.plist.strings; name = ru; path = ru.lproj/LaunchScreen.strings; sourceTree = "<group>"; };
		E52A8BA21E09CC6B007FDC2F /* Base */ = {isa = PBXFileReference; lastKnownFileType = text.plist.strings; name = Base; path = Base.lproj/Localizable.strings; sourceTree = "<group>"; };
		E52A8BA41E09CC6D007FDC2F /* ru */ = {isa = PBXFileReference; lastKnownFileType = text.plist.strings; name = ru; path = ru.lproj/Localizable.strings; sourceTree = "<group>"; };
		E55D366D1E0863640089B1F4 /* Contacts.framework */ = {isa = PBXFileReference; lastKnownFileType = wrapper.framework; name = Contacts.framework; path = System/Library/Frameworks/Contacts.framework; sourceTree = SDKROOT; };
		E55D366E1E0863640089B1F4 /* ContactsUI.framework */ = {isa = PBXFileReference; lastKnownFileType = wrapper.framework; name = ContactsUI.framework; path = System/Library/Frameworks/ContactsUI.framework; sourceTree = SDKROOT; };
		E57192F41DFD7E6D00195F98 /* ScannedCodeProcessor.h */ = {isa = PBXFileReference; fileEncoding = 4; lastKnownFileType = sourcecode.c.h; path = ScannedCodeProcessor.h; sourceTree = "<group>"; };
		E57192F51DFD7E6D00195F98 /* ScannedCodeProcessor.m */ = {isa = PBXFileReference; fileEncoding = 4; lastKnownFileType = sourcecode.c.objc; path = ScannedCodeProcessor.m; sourceTree = "<group>"; };
		E57192F71DFD824500195F98 /* AddressBookUI.framework */ = {isa = PBXFileReference; lastKnownFileType = wrapper.framework; name = AddressBookUI.framework; path = System/Library/Frameworks/AddressBookUI.framework; sourceTree = SDKROOT; };
		E583648D1E06FE37006A3A65 /* PushSegue.h */ = {isa = PBXFileReference; fileEncoding = 4; lastKnownFileType = sourcecode.c.h; path = PushSegue.h; sourceTree = "<group>"; };
		E583648E1E06FE37006A3A65 /* PushSegue.m */ = {isa = PBXFileReference; fileEncoding = 4; lastKnownFileType = sourcecode.c.objc; path = PushSegue.m; sourceTree = "<group>"; };
		E58364901E071CDC006A3A65 /* TextViewController.h */ = {isa = PBXFileReference; fileEncoding = 4; lastKnownFileType = sourcecode.c.h; path = TextViewController.h; sourceTree = "<group>"; };
		E58364911E071CDD006A3A65 /* TextViewController.m */ = {isa = PBXFileReference; fileEncoding = 4; lastKnownFileType = sourcecode.c.objc; path = TextViewController.m; sourceTree = "<group>"; };
		E5A35C191DFDBB2700E05D41 /* FlashOff.png */ = {isa = PBXFileReference; lastKnownFileType = image.png; path = FlashOff.png; sourceTree = "<group>"; };
		E5A35C1A1DFDBB2700E05D41 /* FlashOff@2x.png */ = {isa = PBXFileReference; lastKnownFileType = image.png; path = "FlashOff@2x.png"; sourceTree = "<group>"; };
		E5A35C1B1DFDBB2700E05D41 /* FlashOff@3x.png */ = {isa = PBXFileReference; lastKnownFileType = image.png; path = "FlashOff@3x.png"; sourceTree = "<group>"; };
		E5A35C1C1DFDBB2700E05D41 /* FlashOn.png */ = {isa = PBXFileReference; lastKnownFileType = image.png; path = FlashOn.png; sourceTree = "<group>"; };
		E5A35C1D1DFDBB2700E05D41 /* FlashOn@2x.png */ = {isa = PBXFileReference; lastKnownFileType = image.png; path = "FlashOn@2x.png"; sourceTree = "<group>"; };
		E5A35C1E1DFDBB2700E05D41 /* FlashOn@3x.png */ = {isa = PBXFileReference; lastKnownFileType = image.png; path = "FlashOn@3x.png"; sourceTree = "<group>"; };
		E5A35C251DFDC07D00E05D41 /* AboutViewController.h */ = {isa = PBXFileReference; fileEncoding = 4; lastKnownFileType = sourcecode.c.h; path = AboutViewController.h; sourceTree = "<group>"; };
		E5A35C261DFDC07D00E05D41 /* AboutViewController.m */ = {isa = PBXFileReference; fileEncoding = 4; lastKnownFileType = sourcecode.c.objc; path = AboutViewController.m; sourceTree = "<group>"; };
		E5A35C281DFDC2A300E05D41 /* Scan.png */ = {isa = PBXFileReference; lastKnownFileType = image.png; path = Scan.png; sourceTree = "<group>"; };
		E5A35C291DFDC2A300E05D41 /* Scan@2x.png */ = {isa = PBXFileReference; lastKnownFileType = image.png; path = "Scan@2x.png"; sourceTree = "<group>"; };
		E5A35C2A1DFDC2A300E05D41 /* Scan@3x.png */ = {isa = PBXFileReference; lastKnownFileType = image.png; path = "Scan@3x.png"; sourceTree = "<group>"; };
		E5A35C2E1DFDC88700E05D41 /* SafariActivity.h */ = {isa = PBXFileReference; fileEncoding = 4; lastKnownFileType = sourcecode.c.h; path = SafariActivity.h; sourceTree = "<group>"; };
		E5A35C2F1DFDC88700E05D41 /* SafariActivity.m */ = {isa = PBXFileReference; fileEncoding = 4; lastKnownFileType = sourcecode.c.objc; path = SafariActivity.m; sourceTree = "<group>"; };
		E5A35C311DFDCAD400E05D41 /* safari-7.png */ = {isa = PBXFileReference; lastKnownFileType = image.png; path = "safari-7.png"; sourceTree = "<group>"; };
		E5A35C321DFDCAD400E05D41 /* safari-7@2x.png */ = {isa = PBXFileReference; lastKnownFileType = image.png; path = "safari-7@2x.png"; sourceTree = "<group>"; };
		E5A35C331DFDCAD400E05D41 /* safari-7@2x~iPad.png */ = {isa = PBXFileReference; lastKnownFileType = image.png; path = "safari-7@2x~iPad.png"; sourceTree = "<group>"; };
		E5A35C341DFDCAD400E05D41 /* safari-7@3x.png */ = {isa = PBXFileReference; lastKnownFileType = image.png; path = "safari-7@3x.png"; sourceTree = "<group>"; };
		E5A35C351DFDCAD400E05D41 /* safari-7~iPad.png */ = {isa = PBXFileReference; lastKnownFileType = image.png; path = "safari-7~iPad.png"; sourceTree = "<group>"; };
		E5A35C361DFDCAD400E05D41 /* safari.png */ = {isa = PBXFileReference; lastKnownFileType = image.png; path = safari.png; sourceTree = "<group>"; };
		E5A35C371DFDCAD400E05D41 /* safari@2x.png */ = {isa = PBXFileReference; lastKnownFileType = image.png; path = "safari@2x.png"; sourceTree = "<group>"; };
		E5A35C381DFDCAD400E05D41 /* safari@2x~iPad.png */ = {isa = PBXFileReference; lastKnownFileType = image.png; path = "safari@2x~iPad.png"; sourceTree = "<group>"; };
		E5A35C391DFDCAD400E05D41 /* safari@3x.png */ = {isa = PBXFileReference; lastKnownFileType = image.png; path = "safari@3x.png"; sourceTree = "<group>"; };
		E5A35C3A1DFDCAD400E05D41 /* safari~iPad.png */ = {isa = PBXFileReference; lastKnownFileType = image.png; path = "safari~iPad.png"; sourceTree = "<group>"; };
		E5A35C451DFDEE2900E05D41 /* Field.h */ = {isa = PBXFileReference; fileEncoding = 4; lastKnownFileType = sourcecode.c.h; path = Field.h; sourceTree = "<group>"; };
		E5A35C461DFDEE2900E05D41 /* Field.m */ = {isa = PBXFileReference; fileEncoding = 4; lastKnownFileType = sourcecode.c.objc; path = Field.m; sourceTree = "<group>"; };
		E5A4761B1E41F6B200044EAA /* ru */ = {isa = PBXFileReference; lastKnownFileType = text.plist.strings; name = ru; path = ru.lproj/Main.strings; sourceTree = "<group>"; };
		E5E8F2991DFD6B7500AB7810 /* NSString+Checkers.h */ = {isa = PBXFileReference; fileEncoding = 4; lastKnownFileType = sourcecode.c.h; path = "NSString+Checkers.h"; sourceTree = "<group>"; };
		E5E8F29A1DFD6B7500AB7810 /* NSString+Checkers.m */ = {isa = PBXFileReference; fileEncoding = 4; lastKnownFileType = sourcecode.c.objc; path = "NSString+Checkers.m"; sourceTree = "<group>"; };
		E5E8F29C1DFD6C0A00AB7810 /* NSString+RegEx.h */ = {isa = PBXFileReference; fileEncoding = 4; lastKnownFileType = sourcecode.c.h; path = "NSString+RegEx.h"; sourceTree = "<group>"; };
		E5E8F29D1DFD6C0A00AB7810 /* NSString+RegEx.m */ = {isa = PBXFileReference; fileEncoding = 4; lastKnownFileType = sourcecode.c.objc; path = "NSString+RegEx.m"; sourceTree = "<group>"; };
		E5E8F2A01DFD712B00AB7810 /* AVFoundation.framework */ = {isa = PBXFileReference; lastKnownFileType = wrapper.framework; name = AVFoundation.framework; path = System/Library/Frameworks/AVFoundation.framework; sourceTree = SDKROOT; };
		E5E8F2A21DFD7AA100AB7810 /* WebViewController.h */ = {isa = PBXFileReference; fileEncoding = 4; lastKnownFileType = sourcecode.c.h; path = WebViewController.h; sourceTree = "<group>"; };
		E5E8F2A31DFD7AA100AB7810 /* WebViewController.m */ = {isa = PBXFileReference; fileEncoding = 4; lastKnownFileType = sourcecode.c.objc; path = WebViewController.m; sourceTree = "<group>"; };
		E5EE62A41DF75B750089FE6F /* Scan.app */ = {isa = PBXFileReference; explicitFileType = wrapper.application; includeInIndex = 0; path = Scan.app; sourceTree = BUILT_PRODUCTS_DIR; };
		E5EE62A81DF75B750089FE6F /* main.m */ = {isa = PBXFileReference; lastKnownFileType = sourcecode.c.objc; path = main.m; sourceTree = "<group>"; };
		E5EE62AA1DF75B750089FE6F /* AppDelegate.h */ = {isa = PBXFileReference; lastKnownFileType = sourcecode.c.h; path = AppDelegate.h; sourceTree = "<group>"; };
		E5EE62AB1DF75B750089FE6F /* AppDelegate.m */ = {isa = PBXFileReference; lastKnownFileType = sourcecode.c.objc; path = AppDelegate.m; sourceTree = "<group>"; };
		E5EE62AD1DF75B750089FE6F /* ViewController.h */ = {isa = PBXFileReference; lastKnownFileType = sourcecode.c.h; path = ViewController.h; sourceTree = "<group>"; };
		E5EE62AE1DF75B750089FE6F /* ViewController.m */ = {isa = PBXFileReference; lastKnownFileType = sourcecode.c.objc; path = ViewController.m; sourceTree = "<group>"; };
		E5EE62B11DF75B750089FE6F /* Base */ = {isa = PBXFileReference; lastKnownFileType = file.storyboard; name = Base; path = Base.lproj/Main.storyboard; sourceTree = "<group>"; };
		E5EE62B41DF75B750089FE6F /* Scan.xcdatamodel */ = {isa = PBXFileReference; lastKnownFileType = wrapper.xcdatamodel; path = Scan.xcdatamodel; sourceTree = "<group>"; };
		E5EE62B61DF75B750089FE6F /* Assets.xcassets */ = {isa = PBXFileReference; lastKnownFileType = folder.assetcatalog; path = Assets.xcassets; sourceTree = "<group>"; };
		E5EE62B91DF75B750089FE6F /* Base */ = {isa = PBXFileReference; lastKnownFileType = file.storyboard; name = Base; path = Base.lproj/LaunchScreen.storyboard; sourceTree = "<group>"; };
		E5EE62BB1DF75B750089FE6F /* Info.plist */ = {isa = PBXFileReference; lastKnownFileType = text.plist.xml; path = Info.plist; sourceTree = "<group>"; };
		E5EE62C01DF75B760089FE6F /* ScanTests.xctest */ = {isa = PBXFileReference; explicitFileType = wrapper.cfbundle; includeInIndex = 0; path = ScanTests.xctest; sourceTree = BUILT_PRODUCTS_DIR; };
		E5EE62C41DF75B760089FE6F /* ScanTests.m */ = {isa = PBXFileReference; lastKnownFileType = sourcecode.c.objc; path = ScanTests.m; sourceTree = "<group>"; };
		E5EE62C61DF75B760089FE6F /* Info.plist */ = {isa = PBXFileReference; lastKnownFileType = text.plist.xml; path = Info.plist; sourceTree = "<group>"; };
		E5EE62CB1DF75B760089FE6F /* ScanUITests.xctest */ = {isa = PBXFileReference; explicitFileType = wrapper.cfbundle; includeInIndex = 0; path = ScanUITests.xctest; sourceTree = BUILT_PRODUCTS_DIR; };
		E5EE62CF1DF75B760089FE6F /* ScanUITests.m */ = {isa = PBXFileReference; lastKnownFileType = sourcecode.c.objc; path = ScanUITests.m; sourceTree = "<group>"; };
		E5EE62D11DF75B760089FE6F /* Info.plist */ = {isa = PBXFileReference; lastKnownFileType = text.plist.xml; path = Info.plist; sourceTree = "<group>"; };
		E5FBA3401E41E468000A222A /* Scan.entitlements */ = {isa = PBXFileReference; lastKnownFileType = text.plist.entitlements; path = Scan.entitlements; sourceTree = "<group>"; };
		E5FBA3411E41E468000A222A /* PassKit.framework */ = {isa = PBXFileReference; lastKnownFileType = wrapper.framework; name = PassKit.framework; path = System/Library/Frameworks/PassKit.framework; sourceTree = SDKROOT; };
/* End PBXFileReference section */

/* Begin PBXFrameworksBuildPhase section */
		E5EE62A11DF75B750089FE6F /* Frameworks */ = {
			isa = PBXFrameworksBuildPhase;
			buildActionMask = 2147483647;
			files = (
				E5FBA3421E41E468000A222A /* PassKit.framework in Frameworks */,
				E55D366F1E0863640089B1F4 /* Contacts.framework in Frameworks */,
				E55D36701E0863640089B1F4 /* ContactsUI.framework in Frameworks */,
				E57192F81DFD824500195F98 /* AddressBookUI.framework in Frameworks */,
				E5E8F2A11DFD712B00AB7810 /* AVFoundation.framework in Frameworks */,
			);
			runOnlyForDeploymentPostprocessing = 0;
		};
		E5EE62BD1DF75B760089FE6F /* Frameworks */ = {
			isa = PBXFrameworksBuildPhase;
			buildActionMask = 2147483647;
			files = (
			);
			runOnlyForDeploymentPostprocessing = 0;
		};
		E5EE62C81DF75B760089FE6F /* Frameworks */ = {
			isa = PBXFrameworksBuildPhase;
			buildActionMask = 2147483647;
			files = (
			);
			runOnlyForDeploymentPostprocessing = 0;
		};
/* End PBXFrameworksBuildPhase section */

/* Begin PBXGroup section */
		E5A35C181DFDBB2700E05D41 /* Content */ = {
			isa = PBXGroup;
			children = (
				E5175BEA1E47B9EB00485EDB /* TextMode.png */,
				E5175BEB1E47B9EB00485EDB /* TextMode@2x.png */,
				E5175BE61E47B82400485EDB /* AdvMode.png */,
				E5175BE71E47B82400485EDB /* AdvMode@2x.png */,
				E5175BE21E47B6E100485EDB /* WalletMode.png */,
				E5175BE31E47B6E100485EDB /* WalletMode@2x.png */,
				E5175BDE1E47B59900485EDB /* SimpleMode.png */,
				E5175BDF1E47B59900485EDB /* SimpleMode@2x.png */,
				E5175BD61E475AE700485EDB /* ActiveSettingsIcon.png */,
				E5175BD71E475AE700485EDB /* ActiveSettingsIcon@2x.png */,
				E5175BD81E475AE700485EDB /* SettingsIcon.png */,
				E5175BD91E475AE700485EDB /* SettingsIcon@2x.png */,
				E5A35C311DFDCAD400E05D41 /* safari-7.png */,
				E5A35C321DFDCAD400E05D41 /* safari-7@2x.png */,
				E5A35C331DFDCAD400E05D41 /* safari-7@2x~iPad.png */,
				E5A35C341DFDCAD400E05D41 /* safari-7@3x.png */,
				E5A35C351DFDCAD400E05D41 /* safari-7~iPad.png */,
				E5A35C361DFDCAD400E05D41 /* safari.png */,
				E5A35C371DFDCAD400E05D41 /* safari@2x.png */,
				E5A35C381DFDCAD400E05D41 /* safari@2x~iPad.png */,
				E5A35C391DFDCAD400E05D41 /* safari@3x.png */,
				E5A35C3A1DFDCAD400E05D41 /* safari~iPad.png */,
				E5A35C281DFDC2A300E05D41 /* Scan.png */,
				E5A35C291DFDC2A300E05D41 /* Scan@2x.png */,
				E5A35C2A1DFDC2A300E05D41 /* Scan@3x.png */,
				E5A35C191DFDBB2700E05D41 /* FlashOff.png */,
				E5A35C1A1DFDBB2700E05D41 /* FlashOff@2x.png */,
				E5A35C1B1DFDBB2700E05D41 /* FlashOff@3x.png */,
				E5A35C1C1DFDBB2700E05D41 /* FlashOn.png */,
				E5A35C1D1DFDBB2700E05D41 /* FlashOn@2x.png */,
				E5A35C1E1DFDBB2700E05D41 /* FlashOn@3x.png */,
			);
			path = Content;
			sourceTree = "<group>";
		};
		E5E8F29F1DFD712B00AB7810 /* Frameworks */ = {
			isa = PBXGroup;
			children = (
				E5FBA3411E41E468000A222A /* PassKit.framework */,
				E55D366D1E0863640089B1F4 /* Contacts.framework */,
				E55D366E1E0863640089B1F4 /* ContactsUI.framework */,
				E57192F71DFD824500195F98 /* AddressBookUI.framework */,
				E5E8F2A01DFD712B00AB7810 /* AVFoundation.framework */,
			);
			name = Frameworks;
			sourceTree = "<group>";
		};
		E5EE629B1DF75B750089FE6F = {
			isa = PBXGroup;
			children = (
				E5A35C181DFDBB2700E05D41 /* Content */,
				E5EE62A61DF75B750089FE6F /* Scan */,
				E5EE62C31DF75B760089FE6F /* ScanTests */,
				E5EE62CE1DF75B760089FE6F /* ScanUITests */,
				E5EE62A51DF75B750089FE6F /* Products */,
				E5E8F29F1DFD712B00AB7810 /* Frameworks */,
			);
			sourceTree = "<group>";
		};
		E5EE62A51DF75B750089FE6F /* Products */ = {
			isa = PBXGroup;
			children = (
				E5EE62A41DF75B750089FE6F /* Scan.app */,
				E5EE62C01DF75B760089FE6F /* ScanTests.xctest */,
				E5EE62CB1DF75B760089FE6F /* ScanUITests.xctest */,
			);
			name = Products;
			sourceTree = "<group>";
		};
		E5EE62A61DF75B750089FE6F /* Scan */ = {
			isa = PBXGroup;
			children = (
				E5FBA3401E41E468000A222A /* Scan.entitlements */,
				E5EE62AA1DF75B750089FE6F /* AppDelegate.h */,
				E5EE62AB1DF75B750089FE6F /* AppDelegate.m */,
				E5EE62AD1DF75B750089FE6F /* ViewController.h */,
				E5EE62AE1DF75B750089FE6F /* ViewController.m */,
				E5EE62B01DF75B750089FE6F /* Main.storyboard */,
				E5EE62B61DF75B750089FE6F /* Assets.xcassets */,
				E5EE62B81DF75B750089FE6F /* LaunchScreen.storyboard */,
				E5EE62BB1DF75B750089FE6F /* Info.plist */,
				E5EE62B31DF75B750089FE6F /* Scan.xcdatamodeld */,
				E5EE62A71DF75B750089FE6F /* Supporting Files */,
				E5E8F2991DFD6B7500AB7810 /* NSString+Checkers.h */,
				E5E8F29A1DFD6B7500AB7810 /* NSString+Checkers.m */,
				E5E8F29C1DFD6C0A00AB7810 /* NSString+RegEx.h */,
				E5E8F29D1DFD6C0A00AB7810 /* NSString+RegEx.m */,
				E5E8F2A21DFD7AA100AB7810 /* WebViewController.h */,
				E5E8F2A31DFD7AA100AB7810 /* WebViewController.m */,
				E57192F41DFD7E6D00195F98 /* ScannedCodeProcessor.h */,
				E57192F51DFD7E6D00195F98 /* ScannedCodeProcessor.m */,
				E5A35C251DFDC07D00E05D41 /* AboutViewController.h */,
				E5A35C261DFDC07D00E05D41 /* AboutViewController.m */,
				E5A35C2E1DFDC88700E05D41 /* SafariActivity.h */,
				E5A35C2F1DFDC88700E05D41 /* SafariActivity.m */,
				E5A35C451DFDEE2900E05D41 /* Field.h */,
				E5A35C461DFDEE2900E05D41 /* Field.m */,
				E50D7D941E01E023000BD7F4 /* CodeCardViewController.h */,
				E50D7D951E01E023000BD7F4 /* CodeCardViewController.m */,
				E583648D1E06FE37006A3A65 /* PushSegue.h */,
				E583648E1E06FE37006A3A65 /* PushSegue.m */,
				E58364901E071CDC006A3A65 /* TextViewController.h */,
				E58364911E071CDD006A3A65 /* TextViewController.m */,
				E52A8BA31E09CC6B007FDC2F /* Localizable.strings */,
				E5175BD31E472F6900485EDB /* WalletViewController.h */,
				E5175BD41E472F6900485EDB /* WalletViewController.m */,
			);
			path = Scan;
			sourceTree = "<group>";
		};
		E5EE62A71DF75B750089FE6F /* Supporting Files */ = {
			isa = PBXGroup;
			children = (
				E5EE62A81DF75B750089FE6F /* main.m */,
			);
			name = "Supporting Files";
			sourceTree = "<group>";
		};
		E5EE62C31DF75B760089FE6F /* ScanTests */ = {
			isa = PBXGroup;
			children = (
				E5EE62C41DF75B760089FE6F /* ScanTests.m */,
				E5EE62C61DF75B760089FE6F /* Info.plist */,
			);
			path = ScanTests;
			sourceTree = "<group>";
		};
		E5EE62CE1DF75B760089FE6F /* ScanUITests */ = {
			isa = PBXGroup;
			children = (
				E5EE62CF1DF75B760089FE6F /* ScanUITests.m */,
				E5EE62D11DF75B760089FE6F /* Info.plist */,
			);
			path = ScanUITests;
			sourceTree = "<group>";
		};
/* End PBXGroup section */

/* Begin PBXNativeTarget section */
		E5EE62A31DF75B750089FE6F /* Scan */ = {
			isa = PBXNativeTarget;
			buildConfigurationList = E5EE62D41DF75B760089FE6F /* Build configuration list for PBXNativeTarget "Scan" */;
			buildPhases = (
				E5EE62A01DF75B750089FE6F /* Sources */,
				E5EE62A11DF75B750089FE6F /* Frameworks */,
				E5EE62A21DF75B750089FE6F /* Resources */,
			);
			buildRules = (
			);
			dependencies = (
			);
			name = Scan;
			productName = Scan;
			productReference = E5EE62A41DF75B750089FE6F /* Scan.app */;
			productType = "com.apple.product-type.application";
		};
		E5EE62BF1DF75B760089FE6F /* ScanTests */ = {
			isa = PBXNativeTarget;
			buildConfigurationList = E5EE62D71DF75B760089FE6F /* Build configuration list for PBXNativeTarget "ScanTests" */;
			buildPhases = (
				E5EE62BC1DF75B760089FE6F /* Sources */,
				E5EE62BD1DF75B760089FE6F /* Frameworks */,
				E5EE62BE1DF75B760089FE6F /* Resources */,
			);
			buildRules = (
			);
			dependencies = (
				E5EE62C21DF75B760089FE6F /* PBXTargetDependency */,
			);
			name = ScanTests;
			productName = ScanTests;
			productReference = E5EE62C01DF75B760089FE6F /* ScanTests.xctest */;
			productType = "com.apple.product-type.bundle.unit-test";
		};
		E5EE62CA1DF75B760089FE6F /* ScanUITests */ = {
			isa = PBXNativeTarget;
			buildConfigurationList = E5EE62DA1DF75B760089FE6F /* Build configuration list for PBXNativeTarget "ScanUITests" */;
			buildPhases = (
				E5EE62C71DF75B760089FE6F /* Sources */,
				E5EE62C81DF75B760089FE6F /* Frameworks */,
				E5EE62C91DF75B760089FE6F /* Resources */,
			);
			buildRules = (
			);
			dependencies = (
				E5EE62CD1DF75B760089FE6F /* PBXTargetDependency */,
			);
			name = ScanUITests;
			productName = ScanUITests;
			productReference = E5EE62CB1DF75B760089FE6F /* ScanUITests.xctest */;
			productType = "com.apple.product-type.bundle.ui-testing";
		};
/* End PBXNativeTarget section */

/* Begin PBXProject section */
		E5EE629C1DF75B750089FE6F /* Project object */ = {
			isa = PBXProject;
			attributes = {
				LastUpgradeCheck = 0810;
				ORGANIZATIONNAME = NETTRASH;
				TargetAttributes = {
					E5EE62A31DF75B750089FE6F = {
						CreatedOnToolsVersion = 8.1;
						DevelopmentTeam = L3973VL47F;
						ProvisioningStyle = Automatic;
						SystemCapabilities = {
							com.apple.Wallet = {
								enabled = 1;
							};
						};
					};
					E5EE62BF1DF75B760089FE6F = {
						CreatedOnToolsVersion = 8.1;
						DevelopmentTeam = L3973VL47F;
						ProvisioningStyle = Automatic;
						TestTargetID = E5EE62A31DF75B750089FE6F;
					};
					E5EE62CA1DF75B760089FE6F = {
						CreatedOnToolsVersion = 8.1;
						DevelopmentTeam = L3973VL47F;
						ProvisioningStyle = Automatic;
						TestTargetID = E5EE62A31DF75B750089FE6F;
					};
				};
			};
			buildConfigurationList = E5EE629F1DF75B750089FE6F /* Build configuration list for PBXProject "Scan" */;
			compatibilityVersion = "Xcode 3.2";
			developmentRegion = English;
			hasScannedForEncodings = 0;
			knownRegions = (
				en,
				Base,
				ru,
			);
			mainGroup = E5EE629B1DF75B750089FE6F;
			productRefGroup = E5EE62A51DF75B750089FE6F /* Products */;
			projectDirPath = "";
			projectRoot = "";
			targets = (
				E5EE62A31DF75B750089FE6F /* Scan */,
				E5EE62BF1DF75B760089FE6F /* ScanTests */,
				E5EE62CA1DF75B760089FE6F /* ScanUITests */,
			);
		};
/* End PBXProject section */

/* Begin PBXResourcesBuildPhase section */
		E5EE62A21DF75B750089FE6F /* Resources */ = {
			isa = PBXResourcesBuildPhase;
			buildActionMask = 2147483647;
			files = (
				E5A35C211DFDBB2700E05D41 /* FlashOff@3x.png in Resources */,
				E5A35C1F1DFDBB2700E05D41 /* FlashOff.png in Resources */,
				E5175BDB1E475AE700485EDB /* ActiveSettingsIcon@2x.png in Resources */,
				E52A8BA11E09CC6B007FDC2F /* Localizable.strings in Resources */,
				E5175BE91E47B82400485EDB /* AdvMode@2x.png in Resources */,
				E5A35C2D1DFDC2A300E05D41 /* Scan@3x.png in Resources */,
				E5A35C2B1DFDC2A300E05D41 /* Scan.png in Resources */,
				E5175BE11E47B59900485EDB /* SimpleMode@2x.png in Resources */,
				E5175BDD1E475AE700485EDB /* SettingsIcon@2x.png in Resources */,
				E5EE62BA1DF75B750089FE6F /* LaunchScreen.storyboard in Resources */,
				E5EE62B71DF75B750089FE6F /* Assets.xcassets in Resources */,
				E5175BDA1E475AE700485EDB /* ActiveSettingsIcon.png in Resources */,
				E5A35C3B1DFDCAD400E05D41 /* safari-7.png in Resources */,
				E5A35C3E1DFDCAD400E05D41 /* safari-7@3x.png in Resources */,
				E5175BED1E47B9EB00485EDB /* TextMode@2x.png in Resources */,
				E5175BE41E47B6E100485EDB /* WalletMode.png in Resources */,
				E5175BE01E47B59900485EDB /* SimpleMode.png in Resources */,
				E5EE62B21DF75B750089FE6F /* Main.storyboard in Resources */,
				E5A35C411DFDCAD400E05D41 /* safari@2x.png in Resources */,
				E5175BDC1E475AE700485EDB /* SettingsIcon.png in Resources */,
				E5A35C431DFDCAD400E05D41 /* safari@3x.png in Resources */,
				E5A35C2C1DFDC2A300E05D41 /* Scan@2x.png in Resources */,
				E5175BEC1E47B9EB00485EDB /* TextMode.png in Resources */,
				E5175BE51E47B6E100485EDB /* WalletMode@2x.png in Resources */,
				E5A35C201DFDBB2700E05D41 /* FlashOff@2x.png in Resources */,
				E5A35C241DFDBB2700E05D41 /* FlashOn@3x.png in Resources */,
				E5A35C231DFDBB2700E05D41 /* FlashOn@2x.png in Resources */,
				E5A35C3C1DFDCAD400E05D41 /* safari-7@2x.png in Resources */,
				E5A35C3F1DFDCAD400E05D41 /* safari-7~iPad.png in Resources */,
				E5A35C3D1DFDCAD400E05D41 /* safari-7@2x~iPad.png in Resources */,
				E5A35C441DFDCAD400E05D41 /* safari~iPad.png in Resources */,
				E5A35C421DFDCAD400E05D41 /* safari@2x~iPad.png in Resources */,
				E5A35C221DFDBB2700E05D41 /* FlashOn.png in Resources */,
				E5175BE81E47B82400485EDB /* AdvMode.png in Resources */,
				E5A35C401DFDCAD400E05D41 /* safari.png in Resources */,
			);
			runOnlyForDeploymentPostprocessing = 0;
		};
		E5EE62BE1DF75B760089FE6F /* Resources */ = {
			isa = PBXResourcesBuildPhase;
			buildActionMask = 2147483647;
			files = (
			);
			runOnlyForDeploymentPostprocessing = 0;
		};
		E5EE62C91DF75B760089FE6F /* Resources */ = {
			isa = PBXResourcesBuildPhase;
			buildActionMask = 2147483647;
			files = (
			);
			runOnlyForDeploymentPostprocessing = 0;
		};
/* End PBXResourcesBuildPhase section */

/* Begin PBXSourcesBuildPhase section */
		E5EE62A01DF75B750089FE6F /* Sources */ = {
			isa = PBXSourcesBuildPhase;
			buildActionMask = 2147483647;
			files = (
				E5A35C301DFDC88700E05D41 /* SafariActivity.m in Sources */,
				E583648F1E06FE37006A3A65 /* PushSegue.m in Sources */,
				E57192F61DFD7E6D00195F98 /* ScannedCodeProcessor.m in Sources */,
				E5EE62AF1DF75B750089FE6F /* ViewController.m in Sources */,
				E5E8F2A41DFD7AA100AB7810 /* WebViewController.m in Sources */,
				E5EE62AC1DF75B750089FE6F /* AppDelegate.m in Sources */,
				E5A35C471DFDEE2900E05D41 /* Field.m in Sources */,
				E5EE62B51DF75B750089FE6F /* Scan.xcdatamodeld in Sources */,
				E5A35C271DFDC07D00E05D41 /* AboutViewController.m in Sources */,
				E5175BD51E472F6900485EDB /* WalletViewController.m in Sources */,
				E58364921E071CDD006A3A65 /* TextViewController.m in Sources */,
				E5EE62A91DF75B750089FE6F /* main.m in Sources */,
				E5E8F29B1DFD6B7500AB7810 /* NSString+Checkers.m in Sources */,
				E50D7D961E01E023000BD7F4 /* CodeCardViewController.m in Sources */,
				E5E8F29E1DFD6C0A00AB7810 /* NSString+RegEx.m in Sources */,
			);
			runOnlyForDeploymentPostprocessing = 0;
		};
		E5EE62BC1DF75B760089FE6F /* Sources */ = {
			isa = PBXSourcesBuildPhase;
			buildActionMask = 2147483647;
			files = (
				E5EE62C51DF75B760089FE6F /* ScanTests.m in Sources */,
			);
			runOnlyForDeploymentPostprocessing = 0;
		};
		E5EE62C71DF75B760089FE6F /* Sources */ = {
			isa = PBXSourcesBuildPhase;
			buildActionMask = 2147483647;
			files = (
				E5EE62D01DF75B760089FE6F /* ScanUITests.m in Sources */,
			);
			runOnlyForDeploymentPostprocessing = 0;
		};
/* End PBXSourcesBuildPhase section */

/* Begin PBXTargetDependency section */
		E5EE62C21DF75B760089FE6F /* PBXTargetDependency */ = {
			isa = PBXTargetDependency;
			target = E5EE62A31DF75B750089FE6F /* Scan */;
			targetProxy = E5EE62C11DF75B760089FE6F /* PBXContainerItemProxy */;
		};
		E5EE62CD1DF75B760089FE6F /* PBXTargetDependency */ = {
			isa = PBXTargetDependency;
			target = E5EE62A31DF75B750089FE6F /* Scan */;
			targetProxy = E5EE62CC1DF75B760089FE6F /* PBXContainerItemProxy */;
		};
/* End PBXTargetDependency section */

/* Begin PBXVariantGroup section */
		E52A8BA31E09CC6B007FDC2F /* Localizable.strings */ = {
			isa = PBXVariantGroup;
			children = (
				E52A8BA21E09CC6B007FDC2F /* Base */,
				E52A8BA41E09CC6D007FDC2F /* ru */,
			);
			name = Localizable.strings;
			sourceTree = "<group>";
		};
		E5EE62B01DF75B750089FE6F /* Main.storyboard */ = {
			isa = PBXVariantGroup;
			children = (
				E5EE62B11DF75B750089FE6F /* Base */,
				E5A4761B1E41F6B200044EAA /* ru */,
			);
			name = Main.storyboard;
			sourceTree = "<group>";
		};
		E5EE62B81DF75B750089FE6F /* LaunchScreen.storyboard */ = {
			isa = PBXVariantGroup;
			children = (
				E5EE62B91DF75B750089FE6F /* Base */,
				E52A8BA01E09CC62007FDC2F /* ru */,
			);
			name = LaunchScreen.storyboard;
			sourceTree = "<group>";
		};
/* End PBXVariantGroup section */

/* Begin XCBuildConfiguration section */
		E5EE62D21DF75B760089FE6F /* Debug */ = {
			isa = XCBuildConfiguration;
			buildSettings = {
				ALWAYS_SEARCH_USER_PATHS = NO;
				CLANG_ANALYZER_LOCALIZABILITY_NONLOCALIZED = YES;
				CLANG_ANALYZER_NONNULL = YES;
				CLANG_CXX_LANGUAGE_STANDARD = "gnu++0x";
				CLANG_CXX_LIBRARY = "libc++";
				CLANG_ENABLE_MODULES = YES;
				CLANG_ENABLE_OBJC_ARC = YES;
				CLANG_WARN_BOOL_CONVERSION = YES;
				CLANG_WARN_CONSTANT_CONVERSION = YES;
				CLANG_WARN_DIRECT_OBJC_ISA_USAGE = YES_ERROR;
				CLANG_WARN_DOCUMENTATION_COMMENTS = YES;
				CLANG_WARN_EMPTY_BODY = YES;
				CLANG_WARN_ENUM_CONVERSION = YES;
				CLANG_WARN_INFINITE_RECURSION = YES;
				CLANG_WARN_INT_CONVERSION = YES;
				CLANG_WARN_OBJC_ROOT_CLASS = YES_ERROR;
				CLANG_WARN_SUSPICIOUS_MOVES = YES;
				CLANG_WARN_UNREACHABLE_CODE = YES;
				CLANG_WARN__DUPLICATE_METHOD_MATCH = YES;
				"CODE_SIGN_IDENTITY[sdk=iphoneos*]" = "iPhone Developer";
				COPY_PHASE_STRIP = NO;
				DEBUG_INFORMATION_FORMAT = dwarf;
				ENABLE_STRICT_OBJC_MSGSEND = YES;
				ENABLE_TESTABILITY = YES;
				GCC_C_LANGUAGE_STANDARD = gnu99;
				GCC_DYNAMIC_NO_PIC = NO;
				GCC_NO_COMMON_BLOCKS = YES;
				GCC_OPTIMIZATION_LEVEL = 0;
				GCC_PREPROCESSOR_DEFINITIONS = (
					"DEBUG=1",
					"$(inherited)",
				);
				GCC_WARN_64_TO_32_BIT_CONVERSION = YES;
				GCC_WARN_ABOUT_RETURN_TYPE = YES_ERROR;
				GCC_WARN_UNDECLARED_SELECTOR = YES;
				GCC_WARN_UNINITIALIZED_AUTOS = YES_AGGRESSIVE;
				GCC_WARN_UNUSED_FUNCTION = YES;
				GCC_WARN_UNUSED_VARIABLE = YES;
				IPHONEOS_DEPLOYMENT_TARGET = 10.1;
				MTL_ENABLE_DEBUG_INFO = YES;
				ONLY_ACTIVE_ARCH = YES;
				SDKROOT = iphoneos;
			};
			name = Debug;
		};
		E5EE62D31DF75B760089FE6F /* Release */ = {
			isa = XCBuildConfiguration;
			buildSettings = {
				ALWAYS_SEARCH_USER_PATHS = NO;
				CLANG_ANALYZER_LOCALIZABILITY_NONLOCALIZED = YES;
				CLANG_ANALYZER_NONNULL = YES;
				CLANG_CXX_LANGUAGE_STANDARD = "gnu++0x";
				CLANG_CXX_LIBRARY = "libc++";
				CLANG_ENABLE_MODULES = YES;
				CLANG_ENABLE_OBJC_ARC = YES;
				CLANG_WARN_BOOL_CONVERSION = YES;
				CLANG_WARN_CONSTANT_CONVERSION = YES;
				CLANG_WARN_DIRECT_OBJC_ISA_USAGE = YES_ERROR;
				CLANG_WARN_DOCUMENTATION_COMMENTS = YES;
				CLANG_WARN_EMPTY_BODY = YES;
				CLANG_WARN_ENUM_CONVERSION = YES;
				CLANG_WARN_INFINITE_RECURSION = YES;
				CLANG_WARN_INT_CONVERSION = YES;
				CLANG_WARN_OBJC_ROOT_CLASS = YES_ERROR;
				CLANG_WARN_SUSPICIOUS_MOVES = YES;
				CLANG_WARN_UNREACHABLE_CODE = YES;
				CLANG_WARN__DUPLICATE_METHOD_MATCH = YES;
				"CODE_SIGN_IDENTITY[sdk=iphoneos*]" = "iPhone Developer";
				COPY_PHASE_STRIP = NO;
				DEBUG_INFORMATION_FORMAT = "dwarf-with-dsym";
				ENABLE_NS_ASSERTIONS = NO;
				ENABLE_STRICT_OBJC_MSGSEND = YES;
				GCC_C_LANGUAGE_STANDARD = gnu99;
				GCC_NO_COMMON_BLOCKS = YES;
				GCC_WARN_64_TO_32_BIT_CONVERSION = YES;
				GCC_WARN_ABOUT_RETURN_TYPE = YES_ERROR;
				GCC_WARN_UNDECLARED_SELECTOR = YES;
				GCC_WARN_UNINITIALIZED_AUTOS = YES_AGGRESSIVE;
				GCC_WARN_UNUSED_FUNCTION = YES;
				GCC_WARN_UNUSED_VARIABLE = YES;
				IPHONEOS_DEPLOYMENT_TARGET = 10.1;
				MTL_ENABLE_DEBUG_INFO = NO;
				SDKROOT = iphoneos;
				VALIDATE_PRODUCT = YES;
			};
			name = Release;
		};
		E5EE62D51DF75B760089FE6F /* Debug */ = {
			isa = XCBuildConfiguration;
			buildSettings = {
				ASSETCATALOG_COMPILER_APPICON_NAME = AppIcon;
				ASSETCATALOG_COMPILER_LAUNCHIMAGE_NAME = LaunchImage;
				CODE_SIGN_ENTITLEMENTS = Scan/Scan.entitlements;
				"CODE_SIGN_IDENTITY[sdk=iphoneos*]" = "iPhone Developer";
				CODE_SIGN_STYLE = Automatic;
				DEVELOPMENT_TEAM = "";
				INFOPLIST_FILE = Scan/Info.plist;
				LD_RUNPATH_SEARCH_PATHS = "$(inherited) @executable_path/Frameworks";
				PRODUCT_BUNDLE_IDENTIFIER = ru.nettrash.Scan;
				PRODUCT_NAME = "$(TARGET_NAME)";
				PROVISIONING_PROFILE = "";
				PROVISIONING_PROFILE_SPECIFIER = "";
			};
			name = Debug;
		};
		E5EE62D61DF75B760089FE6F /* Release */ = {
			isa = XCBuildConfiguration;
			buildSettings = {
				ASSETCATALOG_COMPILER_APPICON_NAME = AppIcon;
				ASSETCATALOG_COMPILER_LAUNCHIMAGE_NAME = LaunchImage;
				CODE_SIGN_ENTITLEMENTS = Scan/Scan.entitlements;
				"CODE_SIGN_IDENTITY[sdk=iphoneos*]" = "iPhone Developer";
				CODE_SIGN_STYLE = Automatic;
				DEVELOPMENT_TEAM = "";
				INFOPLIST_FILE = Scan/Info.plist;
				LD_RUNPATH_SEARCH_PATHS = "$(inherited) @executable_path/Frameworks";
				PRODUCT_BUNDLE_IDENTIFIER = ru.nettrash.Scan;
				PRODUCT_NAME = "$(TARGET_NAME)";
				PROVISIONING_PROFILE = "";
				PROVISIONING_PROFILE_SPECIFIER = "";
			};
			name = Release;
		};
		E5EE62D81DF75B760089FE6F /* Debug */ = {
			isa = XCBuildConfiguration;
			buildSettings = {
				BUNDLE_LOADER = "$(TEST_HOST)";
				DEVELOPMENT_TEAM = L3973VL47F;
				INFOPLIST_FILE = ScanTests/Info.plist;
				LD_RUNPATH_SEARCH_PATHS = "$(inherited) @executable_path/Frameworks @loader_path/Frameworks";
				PRODUCT_BUNDLE_IDENTIFIER = ru.nettrash.ScanTests;
				PRODUCT_NAME = "$(TARGET_NAME)";
				TEST_HOST = "$(BUILT_PRODUCTS_DIR)/Scan.app/Scan";
			};
			name = Debug;
		};
		E5EE62D91DF75B760089FE6F /* Release */ = {
			isa = XCBuildConfiguration;
			buildSettings = {
				BUNDLE_LOADER = "$(TEST_HOST)";
				DEVELOPMENT_TEAM = L3973VL47F;
				INFOPLIST_FILE = ScanTests/Info.plist;
				LD_RUNPATH_SEARCH_PATHS = "$(inherited) @executable_path/Frameworks @loader_path/Frameworks";
				PRODUCT_BUNDLE_IDENTIFIER = ru.nettrash.ScanTests;
				PRODUCT_NAME = "$(TARGET_NAME)";
				TEST_HOST = "$(BUILT_PRODUCTS_DIR)/Scan.app/Scan";
			};
			name = Release;
		};
		E5EE62DB1DF75B760089FE6F /* Debug */ = {
			isa = XCBuildConfiguration;
			buildSettings = {
				DEVELOPMENT_TEAM = L3973VL47F;
				INFOPLIST_FILE = ScanUITests/Info.plist;
				LD_RUNPATH_SEARCH_PATHS = "$(inherited) @executable_path/Frameworks @loader_path/Frameworks";
				PRODUCT_BUNDLE_IDENTIFIER = ru.nettrash.ScanUITests;
				PRODUCT_NAME = "$(TARGET_NAME)";
				TEST_TARGET_NAME = Scan;
			};
			name = Debug;
		};
		E5EE62DC1DF75B760089FE6F /* Release */ = {
			isa = XCBuildConfiguration;
			buildSettings = {
				DEVELOPMENT_TEAM = L3973VL47F;
				INFOPLIST_FILE = ScanUITests/Info.plist;
				LD_RUNPATH_SEARCH_PATHS = "$(inherited) @executable_path/Frameworks @loader_path/Frameworks";
				PRODUCT_BUNDLE_IDENTIFIER = ru.nettrash.ScanUITests;
				PRODUCT_NAME = "$(TARGET_NAME)";
				TEST_TARGET_NAME = Scan;
			};
			name = Release;
		};
/* End XCBuildConfiguration section */

/* Begin XCConfigurationList section */
		E5EE629F1DF75B750089FE6F /* Build configuration list for PBXProject "Scan" */ = {
			isa = XCConfigurationList;
			buildConfigurations = (
				E5EE62D21DF75B760089FE6F /* Debug */,
				E5EE62D31DF75B760089FE6F /* Release */,
			);
			defaultConfigurationIsVisible = 0;
			defaultConfigurationName = Release;
		};
		E5EE62D41DF75B760089FE6F /* Build configuration list for PBXNativeTarget "Scan" */ = {
			isa = XCConfigurationList;
			buildConfigurations = (
				E5EE62D51DF75B760089FE6F /* Debug */,
				E5EE62D61DF75B760089FE6F /* Release */,
			);
			defaultConfigurationIsVisible = 0;
			defaultConfigurationName = Release;
		};
		E5EE62D71DF75B760089FE6F /* Build configuration list for PBXNativeTarget "ScanTests" */ = {
			isa = XCConfigurationList;
			buildConfigurations = (
				E5EE62D81DF75B760089FE6F /* Debug */,
				E5EE62D91DF75B760089FE6F /* Release */,
			);
			defaultConfigurationIsVisible = 0;
			defaultConfigurationName = Release;
		};
		E5EE62DA1DF75B760089FE6F /* Build configuration list for PBXNativeTarget "ScanUITests" */ = {
			isa = XCConfigurationList;
			buildConfigurations = (
				E5EE62DB1DF75B760089FE6F /* Debug */,
				E5EE62DC1DF75B760089FE6F /* Release */,
			);
			defaultConfigurationIsVisible = 0;
			defaultConfigurationName = Release;
		};
/* End XCConfigurationList section */

/* Begin XCVersionGroup section */
		E5EE62B31DF75B750089FE6F /* Scan.xcdatamodeld */ = {
			isa = XCVersionGroup;
			children = (
				E5EE62B41DF75B750089FE6F /* Scan.xcdatamodel */,
			);
			currentVersion = E5EE62B41DF75B750089FE6F /* Scan.xcdatamodel */;
			path = Scan.xcdatamodeld;
			sourceTree = "<group>";
			versionGroupType = wrapper.xcdatamodel;
		};
/* End XCVersionGroup section */
	};
	rootObject = E5EE629C1DF75B750089FE6F /* Project object */;
}
